
Microsoft Visual Studio Solution File, Format Version 12.00
# Visual Studio Version 17
VisualStudioVersion = 17.14.36518.9 d17.14
MinimumVisualStudioVersion = 10.0.40219.1
Project("{FAE04EC0-301F-11D3-BF4B-00C04F79EFBC}") = "helloWorld", "helloWorld\helloWorld.csproj", "{19AA8FD0-2F21-4A44-B799-1BB2FB458B2B}"
EndProject
Global
	GlobalSection(SolutionConfigurationPlatforms) = preSolution
		Debug|Any CPU = Debug|Any CPU
		Release|Any CPU = Release|Any CPU
	EndGlobalSection
	GlobalSection(ProjectConfigurationPlatforms) = postSolution
		{19AA8FD0-2F21-4A44-B799-1BB2FB458B2B}.Debug|Any CPU.ActiveCfg = Debug|Any CPU
		{19AA8FD0-2F21-4A44-B799-1BB2FB458B2B}.Debug|Any CPU.Build.0 = Debug|Any CPU
		{19AA8FD0-2F21-4A44-B799-1BB2FB458B2B}.Release|Any CPU.ActiveCfg = Release|Any CPU
		{19AA8FD0-2F21-4A44-B799-1BB2FB458B2B}.Release|Any CPU.Build.0 = Release|Any CPU
	EndGlobalSection
	GlobalSection(SolutionProperties) = preSolution
		HideSolutionNode = FALSE
	EndGlobalSection
	GlobalSection(ExtensibilityGlobals) = postSolution
		SolutionGuid = {03E6211B-5522-46AA-8543-67AD305406A9}
	EndGlobalSection
EndGlobal
