
Microsoft Visual Studio Solution File, Format Version 12.00
# Visual Studio Version 17
VisualStudioVersion = 17.11.35327.3
MinimumVisualStudioVersion = 10.0.40219.1
Project("{FAE04EC0-301F-11D3-BF4B-00C04F79EFBC}") = "HelloWorld", "HelloWorld.csproj", "{BB722BC0-74CE-4341-B9DA-3A38E3533FED}"
EndProject
Global
	GlobalSection(SolutionConfigurationPlatforms) = preSolution
		Debug|Any CPU = Debug|Any CPU
		Release|Any CPU = Release|Any CPU
	EndGlobalSection
	GlobalSection(ProjectConfigurationPlatforms) = postSolution
		{BB722BC0-74CE-4341-B9DA-3A38E3533FED}.Debug|Any CPU.ActiveCfg = Debug|Any CPU
		{BB722BC0-74CE-4341-B9DA-3A38E3533FED}.Debug|Any CPU.Build.0 = Debug|Any CPU
		{BB722BC0-74CE-4341-B9DA-3A38E3533FED}.Release|Any CPU.ActiveCfg = Release|Any CPU
		{BB722BC0-74CE-4341-B9DA-3A38E3533FED}.Release|Any CPU.Build.0 = Release|Any CPU
	EndGlobalSection
	GlobalSection(SolutionProperties) = preSolution
		HideSolutionNode = FALSE
	EndGlobalSection
	GlobalSection(ExtensibilityGlobals) = postSolution
		SolutionGuid = {4B8600EC-6718-4176-8995-132634061D7D}
	EndGlobalSection
EndGlobal
